{
  "nodes": {
    "nixpkgs": {
      "locked": {
        "lastModified": 1748769915,
        "narHash": "sha256-fY+Pv/vF9bIzgmG+u56ZzqmP+ALLtcHLc9Xp+44FvZc=",
        "rev": "910796cabe436259a29a72e8d3f5e180fc6dfacc",
        "type": "tarball",
        "url": "https://releases.nixos.org/nixos/unstable/nixos-25.11pre808478.910796cabe43/nixexprs.tar.xz"
      },
      "original": {
        "type": "tarball",
        "url": "https://channels.nixos.org/nixos-unstable/nixexprs.tar.xz"
      }
    },
    "root": {
      "inputs": {
        "nixpkgs": "nixpkgs"
      }
    }
  },
  "root": "root",
  "version": 7
}
